
Microsoft Visual Studio Solution File, Format Version 12.00
# Visual Studio Version 16
VisualStudioVersion = 16.0.31729.503
MinimumVisualStudioVersion = 10.0.40219.1
Project("{FAE04EC0-301F-11D3-BF4B-00C04F79EFBC}") = "Department_CRUD", "Department_CRUD\Department_CRUD.csproj", "{848D4839-1FAD-4B95-8786-73DB59A67122}"
EndProject
Global
	GlobalSection(SolutionConfigurationPlatforms) = preSolution
		Debug|Any CPU = Debug|Any CPU
		Release|Any CPU = Release|Any CPU
	EndGlobalSection
	GlobalSection(ProjectConfigurationPlatforms) = postSolution
		{848D4839-1FAD-4B95-8786-73DB59A67122}.Debug|Any CPU.ActiveCfg = Debug|Any CPU
		{848D4839-1FAD-4B95-8786-73DB59A67122}.Debug|Any CPU.Build.0 = Debug|Any CPU
		{848D4839-1FAD-4B95-8786-73DB59A67122}.Release|Any CPU.ActiveCfg = Release|Any CPU
		{848D4839-1FAD-4B95-8786-73DB59A67122}.Release|Any CPU.Build.0 = Release|Any CPU
	EndGlobalSection
	GlobalSection(SolutionProperties) = preSolution
		HideSolutionNode = FALSE
	EndGlobalSection
	GlobalSection(ExtensibilityGlobals) = postSolution
		SolutionGuid = {A72EE644-88BE-4F9E-8927-7B944228E7AE}
	EndGlobalSection
EndGlobal
